
Microsoft Visual Studio Solution File, Format Version 12.00
# Visual Studio Version 16
VisualStudioVersion = 16.0.32106.194
MinimumVisualStudioVersion = 10.0.40219.1
Project("{FAE04EC0-301F-11D3-BF4B-00C04F79EFBC}") = "Helperland", "Helperland\Helperland.csproj", "{712B0621-DF50-4F33-A942-27BD51005DED}"
EndProject
Global
	GlobalSection(SolutionConfigurationPlatforms) = preSolution
		Debug|Any CPU = Debug|Any CPU
		Release|Any CPU = Release|Any CPU
	EndGlobalSection
	GlobalSection(ProjectConfigurationPlatforms) = postSolution
		{712B0621-DF50-4F33-A942-27BD51005DED}.Debug|Any CPU.ActiveCfg = Debug|Any CPU
		{712B0621-DF50-4F33-A942-27BD51005DED}.Debug|Any CPU.Build.0 = Debug|Any CPU
		{712B0621-DF50-4F33-A942-27BD51005DED}.Release|Any CPU.ActiveCfg = Release|Any CPU
		{712B0621-DF50-4F33-A942-27BD51005DED}.Release|Any CPU.Build.0 = Release|Any CPU
	EndGlobalSection
	GlobalSection(SolutionProperties) = preSolution
		HideSolutionNode = FALSE
	EndGlobalSection
	GlobalSection(ExtensibilityGlobals) = postSolution
		SolutionGuid = {CBE73999-AFF9-437C-B246-9137CDABC61F}
	EndGlobalSection
EndGlobal
